
Microsoft Visual Studio Solution File, Format Version 12.00
# Visual Studio Version 17
VisualStudioVersion = 17.13.35825.156 d17.13
MinimumVisualStudioVersion = 10.0.40219.1
Project("{FAE04EC0-301F-11D3-BF4B-00C04F79EFBC}") = "ControleEstoqueWindowsForm", "ControleEstoqueWindowsForm\ControleEstoqueWindowsForm.csproj", "{BF9C26BD-4D43-45AF-BBA6-5AF7FA39CB08}"
EndProject
Global
	GlobalSection(SolutionConfigurationPlatforms) = preSolution
		Debug|Any CPU = Debug|Any CPU
		Release|Any CPU = Release|Any CPU
	EndGlobalSection
	GlobalSection(ProjectConfigurationPlatforms) = postSolution
		{BF9C26BD-4D43-45AF-BBA6-5AF7FA39CB08}.Debug|Any CPU.ActiveCfg = Debug|Any CPU
		{BF9C26BD-4D43-45AF-BBA6-5AF7FA39CB08}.Debug|Any CPU.Build.0 = Debug|Any CPU
		{BF9C26BD-4D43-45AF-BBA6-5AF7FA39CB08}.Release|Any CPU.ActiveCfg = Release|Any CPU
		{BF9C26BD-4D43-45AF-BBA6-5AF7FA39CB08}.Release|Any CPU.Build.0 = Release|Any CPU
	EndGlobalSection
	GlobalSection(SolutionProperties) = preSolution
		HideSolutionNode = FALSE
	EndGlobalSection
	GlobalSection(ExtensibilityGlobals) = postSolution
		SolutionGuid = {28F284CB-2628-4079-B2AD-189C1C6C3833}
	EndGlobalSection
EndGlobal
